
Microsoft Visual Studio Solution File, Format Version 12.00
# Visual Studio Version 17
VisualStudioVersion = 17.8.34330.188
MinimumVisualStudioVersion = 10.0.40219.1
Project("{FAE04EC0-301F-11D3-BF4B-00C04F79EFBC}") = "AvaApp", "AvaApp\AvaApp.csproj", "{22635C79-C691-4852-BA38-B9DF4661855F}"
EndProject
Global
	GlobalSection(SolutionConfigurationPlatforms) = preSolution
		Debug|Any CPU = Debug|Any CPU
		Release|Any CPU = Release|Any CPU
	EndGlobalSection
	GlobalSection(ProjectConfigurationPlatforms) = postSolution
		{22635C79-C691-4852-BA38-B9DF4661855F}.Debug|Any CPU.ActiveCfg = Debug|Any CPU
		{22635C79-C691-4852-BA38-B9DF4661855F}.Debug|Any CPU.Build.0 = Debug|Any CPU
		{22635C79-C691-4852-BA38-B9DF4661855F}.Release|Any CPU.ActiveCfg = Release|Any CPU
		{22635C79-C691-4852-BA38-B9DF4661855F}.Release|Any CPU.Build.0 = Release|Any CPU
	EndGlobalSection
	GlobalSection(SolutionProperties) = preSolution
		HideSolutionNode = FALSE
	EndGlobalSection
	GlobalSection(ExtensibilityGlobals) = postSolution
		SolutionGuid = {9F04151C-A364-405E-A24E-19F976D2A2EC}
	EndGlobalSection
EndGlobal
